// !$*UTF8*$!
{
	archiveVersion = 1;
	classes = {
	};
	objectVersion = 50;
	objects = {

/* Begin PBXBuildFile section */
		D9F26CF32626DD2F0026CA81 /* AppDelegate.swift in Sources */ = {isa = PBXBuildFile; fileRef = D9F26CF22626DD2F0026CA81 /* AppDelegate.swift */; };
		D9F26CF52626DD2F0026CA81 /* SceneDelegate.swift in Sources */ = {isa = PBXBuildFile; fileRef = D9F26CF42626DD2F0026CA81 /* SceneDelegate.swift */; };
		D9F26CF72626DD2F0026CA81 /* ViewController.swift in Sources */ = {isa = PBXBuildFile; fileRef = D9F26CF62626DD2F0026CA81 /* ViewController.swift */; };
		D9F26CFA2626DD2F0026CA81 /* Main.storyboard in Resources */ = {isa = PBXBuildFile; fileRef = D9F26CF82626DD2F0026CA81 /* Main.storyboard */; };
		D9F26CFC2626DD330026CA81 /* Assets.xcassets in Resources */ = {isa = PBXBuildFile; fileRef = D9F26CFB2626DD330026CA81 /* Assets.xcassets */; };
		D9F26CFF2626DD330026CA81 /* LaunchScreen.storyboard in Resources */ = {isa = PBXBuildFile; fileRef = D9F26CFD2626DD330026CA81 /* LaunchScreen.storyboard */; };
		D9F26D0A2626DD330026CA81 /* ZHTestPodTests.swift in Sources */ = {isa = PBXBuildFile; fileRef = D9F26D092626DD330026CA81 /* ZHTestPodTests.swift */; };
		D9F26D152626DD330026CA81 /* ZHTestPodUITests.swift in Sources */ = {isa = PBXBuildFile; fileRef = D9F26D142626DD330026CA81 /* ZHTestPodUITests.swift */; };
		D9F26D2A2626DE140026CA81 /* ViewPager.swift in Sources */ = {isa = PBXBuildFile; fileRef = D9F26D262626DE140026CA81 /* ViewPager.swift */; };
		D9F26D2B2626DE140026CA81 /* ViewPagerTabView.swift in Sources */ = {isa = PBXBuildFile; fileRef = D9F26D272626DE140026CA81 /* ViewPagerTabView.swift */; };
		D9F26D2C2626DE140026CA81 /* ViewPagerTab.swift in Sources */ = {isa = PBXBuildFile; fileRef = D9F26D282626DE140026CA81 /* ViewPagerTab.swift */; };
		D9F26D2D2626DE140026CA81 /* ViewPagerOptions.swift in Sources */ = {isa = PBXBuildFile; fileRef = D9F26D292626DE140026CA81 /* ViewPagerOptions.swift */; };
/* End PBXBuildFile section */

/* Begin PBXContainerItemProxy section */
		D9F26D062626DD330026CA81 /* PBXContainerItemProxy */ = {
			isa = PBXContainerItemProxy;
			containerPortal = D9F26CE72626DD2F0026CA81 /* Project object */;
			proxyType = 1;
			remoteGlobalIDString = D9F26CEE2626DD2F0026CA81;
			remoteInfo = ZHTestPod;
		};
		D9F26D112626DD330026CA81 /* PBXContainerItemProxy */ = {
			isa = PBXContainerItemProxy;
			containerPortal = D9F26CE72626DD2F0026CA81 /* Project object */;
			proxyType = 1;
			remoteGlobalIDString = D9F26CEE2626DD2F0026CA81;
			remoteInfo = ZHTestPod;
		};
/* End PBXContainerItemProxy section */

/* Begin PBXFileReference section */
		D9F26CEF2626DD2F0026CA81 /* ZHTestPod.app */ = {isa = PBXFileReference; explicitFileType = wrapper.application; includeInIndex = 0; path = ZHTestPod.app; sourceTree = BUILT_PRODUCTS_DIR; };
		D9F26CF22626DD2F0026CA81 /* AppDelegate.swift */ = {isa = PBXFileReference; lastKnownFileType = sourcecode.swift; path = AppDelegate.swift; sourceTree = "<group>"; };
		D9F26CF42626DD2F0026CA81 /* SceneDelegate.swift */ = {isa = PBXFileReference; lastKnownFileType = sourcecode.swift; path = SceneDelegate.swift; sourceTree = "<group>"; };
		D9F26CF62626DD2F0026CA81 /* ViewController.swift */ = {isa = PBXFileReference; lastKnownFileType = sourcecode.swift; path = ViewController.swift; sourceTree = "<group>"; };
		D9F26CF92626DD2F0026CA81 /* Base */ = {isa = PBXFileReference; lastKnownFileType = file.storyboard; name = Base; path = Base.lproj/Main.storyboard; sourceTree = "<group>"; };
		D9F26CFB2626DD330026CA81 /* Assets.xcassets */ = {isa = PBXFileReference; lastKnownFileType = folder.assetcatalog; path = Assets.xcassets; sourceTree = "<group>"; };
		D9F26CFE2626DD330026CA81 /* Base */ = {isa = PBXFileReference; lastKnownFileType = file.storyboard; name = Base; path = Base.lproj/LaunchScreen.storyboard; sourceTree = "<group>"; };
		D9F26D002626DD330026CA81 /* Info.plist */ = {isa = PBXFileReference; lastKnownFileType = text.plist.xml; path = Info.plist; sourceTree = "<group>"; };
		D9F26D052626DD330026CA81 /* ZHTestPodTests.xctest */ = {isa = PBXFileReference; explicitFileType = wrapper.cfbundle; includeInIndex = 0; path = ZHTestPodTests.xctest; sourceTree = BUILT_PRODUCTS_DIR; };
		D9F26D092626DD330026CA81 /* ZHTestPodTests.swift */ = {isa = PBXFileReference; lastKnownFileType = sourcecode.swift; path = ZHTestPodTests.swift; sourceTree = "<group>"; };
		D9F26D0B2626DD330026CA81 /* Info.plist */ = {isa = PBXFileReference; lastKnownFileType = text.plist.xml; path = Info.plist; sourceTree = "<group>"; };
		D9F26D102626DD330026CA81 /* ZHTestPodUITests.xctest */ = {isa = PBXFileReference; explicitFileType = wrapper.cfbundle; includeInIndex = 0; path = ZHTestPodUITests.xctest; sourceTree = BUILT_PRODUCTS_DIR; };
		D9F26D142626DD330026CA81 /* ZHTestPodUITests.swift */ = {isa = PBXFileReference; lastKnownFileType = sourcecode.swift; path = ZHTestPodUITests.swift; sourceTree = "<group>"; };
		D9F26D162626DD330026CA81 /* Info.plist */ = {isa = PBXFileReference; lastKnownFileType = text.plist.xml; path = Info.plist; sourceTree = "<group>"; };
		D9F26D262626DE140026CA81 /* ViewPager.swift */ = {isa = PBXFileReference; fileEncoding = 4; lastKnownFileType = sourcecode.swift; path = ViewPager.swift; sourceTree = "<group>"; };
		D9F26D272626DE140026CA81 /* ViewPagerTabView.swift */ = {isa = PBXFileReference; fileEncoding = 4; lastKnownFileType = sourcecode.swift; path = ViewPagerTabView.swift; sourceTree = "<group>"; };
		D9F26D282626DE140026CA81 /* ViewPagerTab.swift */ = {isa = PBXFileReference; fileEncoding = 4; lastKnownFileType = sourcecode.swift; path = ViewPagerTab.swift; sourceTree = "<group>"; };
		D9F26D292626DE140026CA81 /* ViewPagerOptions.swift */ = {isa = PBXFileReference; fileEncoding = 4; lastKnownFileType = sourcecode.swift; path = ViewPagerOptions.swift; sourceTree = "<group>"; };
/* End PBXFileReference section */

/* Begin PBXFrameworksBuildPhase section */
		D9F26CEC2626DD2F0026CA81 /* Frameworks */ = {
			isa = PBXFrameworksBuildPhase;
			buildActionMask = 2147483647;
			files = (
			);
			runOnlyForDeploymentPostprocessing = 0;
		};
		D9F26D022626DD330026CA81 /* Frameworks */ = {
			isa = PBXFrameworksBuildPhase;
			buildActionMask = 2147483647;
			files = (
			);
			runOnlyForDeploymentPostprocessing = 0;
		};
		D9F26D0D2626DD330026CA81 /* Frameworks */ = {
			isa = PBXFrameworksBuildPhase;
			buildActionMask = 2147483647;
			files = (
			);
			runOnlyForDeploymentPostprocessing = 0;
		};
/* End PBXFrameworksBuildPhase section */

/* Begin PBXGroup section */
		D9F26CE62626DD2F0026CA81 = {
			isa = PBXGroup;
			children = (
				D9F26CF12626DD2F0026CA81 /* ZHTestPod */,
				D9F26D082626DD330026CA81 /* ZHTestPodTests */,
				D9F26D132626DD330026CA81 /* ZHTestPodUITests */,
				D9F26CF02626DD2F0026CA81 /* Products */,
			);
			sourceTree = "<group>";
		};
		D9F26CF02626DD2F0026CA81 /* Products */ = {
			isa = PBXGroup;
			children = (
				D9F26CEF2626DD2F0026CA81 /* ZHTestPod.app */,
				D9F26D052626DD330026CA81 /* ZHTestPodTests.xctest */,
				D9F26D102626DD330026CA81 /* ZHTestPodUITests.xctest */,
			);
			name = Products;
			sourceTree = "<group>";
		};
		D9F26CF12626DD2F0026CA81 /* ZHTestPod */ = {
			isa = PBXGroup;
			children = (
				D9F26D252626DE140026CA81 /* ZHTestPod */,
				D9F26CF22626DD2F0026CA81 /* AppDelegate.swift */,
				D9F26CF42626DD2F0026CA81 /* SceneDelegate.swift */,
				D9F26CF62626DD2F0026CA81 /* ViewController.swift */,
				D9F26CF82626DD2F0026CA81 /* Main.storyboard */,
				D9F26CFB2626DD330026CA81 /* Assets.xcassets */,
				D9F26CFD2626DD330026CA81 /* LaunchScreen.storyboard */,
				D9F26D002626DD330026CA81 /* Info.plist */,
			);
			path = ZHTestPod;
			sourceTree = "<group>";
		};
		D9F26D082626DD330026CA81 /* ZHTestPodTests */ = {
			isa = PBXGroup;
			children = (
				D9F26D092626DD330026CA81 /* ZHTestPodTests.swift */,
				D9F26D0B2626DD330026CA81 /* Info.plist */,
			);
			path = ZHTestPodTests;
			sourceTree = "<group>";
		};
		D9F26D132626DD330026CA81 /* ZHTestPodUITests */ = {
			isa = PBXGroup;
			children = (
				D9F26D142626DD330026CA81 /* ZHTestPodUITests.swift */,
				D9F26D162626DD330026CA81 /* Info.plist */,
			);
			path = ZHTestPodUITests;
			sourceTree = "<group>";
		};
		D9F26D252626DE140026CA81 /* ZHTestPod */ = {
			isa = PBXGroup;
			children = (
				D9F26D262626DE140026CA81 /* ViewPager.swift */,
				D9F26D272626DE140026CA81 /* ViewPagerTabView.swift */,
				D9F26D282626DE140026CA81 /* ViewPagerTab.swift */,
				D9F26D292626DE140026CA81 /* ViewPagerOptions.swift */,
			);
			path = ZHTestPod;
			sourceTree = "<group>";
		};
/* End PBXGroup section */

/* Begin PBXNativeTarget section */
		D9F26CEE2626DD2F0026CA81 /* ZHTestPod */ = {
			isa = PBXNativeTarget;
			buildConfigurationList = D9F26D192626DD330026CA81 /* Build configuration list for PBXNativeTarget "ZHTestPod" */;
			buildPhases = (
				D9F26CEB2626DD2F0026CA81 /* Sources */,
				D9F26CEC2626DD2F0026CA81 /* Frameworks */,
				D9F26CED2626DD2F0026CA81 /* Resources */,
			);
			buildRules = (
			);
			dependencies = (
			);
			name = ZHTestPod;
			productName = ZHTestPod;
			productReference = D9F26CEF2626DD2F0026CA81 /* ZHTestPod.app */;
			productType = "com.apple.product-type.application";
		};
		D9F26D042626DD330026CA81 /* ZHTestPodTests */ = {
			isa = PBXNativeTarget;
			buildConfigurationList = D9F26D1C2626DD330026CA81 /* Build configuration list for PBXNativeTarget "ZHTestPodTests" */;
			buildPhases = (
				D9F26D012626DD330026CA81 /* Sources */,
				D9F26D022626DD330026CA81 /* Frameworks */,
				D9F26D032626DD330026CA81 /* Resources */,
			);
			buildRules = (
			);
			dependencies = (
				D9F26D072626DD330026CA81 /* PBXTargetDependency */,
			);
			name = ZHTestPodTests;
			productName = ZHTestPodTests;
			productReference = D9F26D052626DD330026CA81 /* ZHTestPodTests.xctest */;
			productType = "com.apple.product-type.bundle.unit-test";
		};
		D9F26D0F2626DD330026CA81 /* ZHTestPodUITests */ = {
			isa = PBXNativeTarget;
			buildConfigurationList = D9F26D1F2626DD330026CA81 /* Build configuration list for PBXNativeTarget "ZHTestPodUITests" */;
			buildPhases = (
				D9F26D0C2626DD330026CA81 /* Sources */,
				D9F26D0D2626DD330026CA81 /* Frameworks */,
				D9F26D0E2626DD330026CA81 /* Resources */,
			);
			buildRules = (
			);
			dependencies = (
				D9F26D122626DD330026CA81 /* PBXTargetDependency */,
			);
			name = ZHTestPodUITests;
			productName = ZHTestPodUITests;
			productReference = D9F26D102626DD330026CA81 /* ZHTestPodUITests.xctest */;
			productType = "com.apple.product-type.bundle.ui-testing";
		};
/* End PBXNativeTarget section */

/* Begin PBXProject section */
		D9F26CE72626DD2F0026CA81 /* Project object */ = {
			isa = PBXProject;
			attributes = {
				LastSwiftUpdateCheck = 1240;
				LastUpgradeCheck = 1240;
				TargetAttributes = {
					D9F26CEE2626DD2F0026CA81 = {
						CreatedOnToolsVersion = 12.4;
					};
					D9F26D042626DD330026CA81 = {
						CreatedOnToolsVersion = 12.4;
						TestTargetID = D9F26CEE2626DD2F0026CA81;
					};
					D9F26D0F2626DD330026CA81 = {
						CreatedOnToolsVersion = 12.4;
						TestTargetID = D9F26CEE2626DD2F0026CA81;
					};
				};
			};
			buildConfigurationList = D9F26CEA2626DD2F0026CA81 /* Build configuration list for PBXProject "ZHTestPod" */;
			compatibilityVersion = "Xcode 9.3";
			developmentRegion = en;
			hasScannedForEncodings = 0;
			knownRegions = (
				en,
				Base,
			);
			mainGroup = D9F26CE62626DD2F0026CA81;
			productRefGroup = D9F26CF02626DD2F0026CA81 /* Products */;
			projectDirPath = "";
			projectRoot = "";
			targets = (
				D9F26CEE2626DD2F0026CA81 /* ZHTestPod */,
				D9F26D042626DD330026CA81 /* ZHTestPodTests */,
				D9F26D0F2626DD330026CA81 /* ZHTestPodUITests */,
			);
		};
/* End PBXProject section */

/* Begin PBXResourcesBuildPhase section */
		D9F26CED2626DD2F0026CA81 /* Resources */ = {
			isa = PBXResourcesBuildPhase;
			buildActionMask = 2147483647;
			files = (
				D9F26CFF2626DD330026CA81 /* LaunchScreen.storyboard in Resources */,
				D9F26CFC2626DD330026CA81 /* Assets.xcassets in Resources */,
				D9F26CFA2626DD2F0026CA81 /* Main.storyboard in Resources */,
			);
			runOnlyForDeploymentPostprocessing = 0;
		};
		D9F26D032626DD330026CA81 /* Resources */ = {
			isa = PBXResourcesBuildPhase;
			buildActionMask = 2147483647;
			files = (
			);
			runOnlyForDeploymentPostprocessing = 0;
		};
		D9F26D0E2626DD330026CA81 /* Resources */ = {
			isa = PBXResourcesBuildPhase;
			buildActionMask = 2147483647;
			files = (
			);
			runOnlyForDeploymentPostprocessing = 0;
		};
/* End PBXResourcesBuildPhase section */

/* Begin PBXSourcesBuildPhase section */
		D9F26CEB2626DD2F0026CA81 /* Sources */ = {
			isa = PBXSourcesBuildPhase;
			buildActionMask = 2147483647;
			files = (
				D9F26D2A2626DE140026CA81 /* ViewPager.swift in Sources */,
				D9F26D2D2626DE140026CA81 /* ViewPagerOptions.swift in Sources */,
				D9F26CF72626DD2F0026CA81 /* ViewController.swift in Sources */,
				D9F26D2C2626DE140026CA81 /* ViewPagerTab.swift in Sources */,
				D9F26CF32626DD2F0026CA81 /* AppDelegate.swift in Sources */,
				D9F26CF52626DD2F0026CA81 /* SceneDelegate.swift in Sources */,
				D9F26D2B2626DE140026CA81 /* ViewPagerTabView.swift in Sources */,
			);
			runOnlyForDeploymentPostprocessing = 0;
		};
		D9F26D012626DD330026CA81 /* Sources */ = {
			isa = PBXSourcesBuildPhase;
			buildActionMask = 2147483647;
			files = (
				D9F26D0A2626DD330026CA81 /* ZHTestPodTests.swift in Sources */,
			);
			runOnlyForDeploymentPostprocessing = 0;
		};
		D9F26D0C2626DD330026CA81 /* Sources */ = {
			isa = PBXSourcesBuildPhase;
			buildActionMask = 2147483647;
			files = (
				D9F26D152626DD330026CA81 /* ZHTestPodUITests.swift in Sources */,
			);
			runOnlyForDeploymentPostprocessing = 0;
		};
/* End PBXSourcesBuildPhase section */

/* Begin PBXTargetDependency section */
		D9F26D072626DD330026CA81 /* PBXTargetDependency */ = {
			isa = PBXTargetDependency;
			target = D9F26CEE2626DD2F0026CA81 /* ZHTestPod */;
			targetProxy = D9F26D062626DD330026CA81 /* PBXContainerItemProxy */;
		};
		D9F26D122626DD330026CA81 /* PBXTargetDependency */ = {
			isa = PBXTargetDependency;
			target = D9F26CEE2626DD2F0026CA81 /* ZHTestPod */;
			targetProxy = D9F26D112626DD330026CA81 /* PBXContainerItemProxy */;
		};
/* End PBXTargetDependency section */

/* Begin PBXVariantGroup section */
		D9F26CF82626DD2F0026CA81 /* Main.storyboard */ = {
			isa = PBXVariantGroup;
			children = (
				D9F26CF92626DD2F0026CA81 /* Base */,
			);
			name = Main.storyboard;
			sourceTree = "<group>";
		};
		D9F26CFD2626DD330026CA81 /* LaunchScreen.storyboard */ = {
			isa = PBXVariantGroup;
			children = (
				D9F26CFE2626DD330026CA81 /* Base */,
			);
			name = LaunchScreen.storyboard;
			sourceTree = "<group>";
		};
/* End PBXVariantGroup section */

/* Begin XCBuildConfiguration section */
		D9F26D172626DD330026CA81 /* Debug */ = {
			isa = XCBuildConfiguration;
			buildSettings = {
				ALWAYS_SEARCH_USER_PATHS = NO;
				CLANG_ANALYZER_NONNULL = YES;
				CLANG_ANALYZER_NUMBER_OBJECT_CONVERSION = YES_AGGRESSIVE;
				CLANG_CXX_LANGUAGE_STANDARD = "gnu++14";
				CLANG_CXX_LIBRARY = "libc++";
				CLANG_ENABLE_MODULES = YES;
				CLANG_ENABLE_OBJC_ARC = YES;
				CLANG_ENABLE_OBJC_WEAK = YES;
				CLANG_WARN_BLOCK_CAPTURE_AUTORELEASING = YES;
				CLANG_WARN_BOOL_CONVERSION = YES;
				CLANG_WARN_COMMA = YES;
				CLANG_WARN_CONSTANT_CONVERSION = YES;
				CLANG_WARN_DEPRECATED_OBJC_IMPLEMENTATIONS = YES;
				CLANG_WARN_DIRECT_OBJC_ISA_USAGE = YES_ERROR;
				CLANG_WARN_DOCUMENTATION_COMMENTS = YES;
				CLANG_WARN_EMPTY_BODY = YES;
				CLANG_WARN_ENUM_CONVERSION = YES;
				CLANG_WARN_INFINITE_RECURSION = YES;
				CLANG_WARN_INT_CONVERSION = YES;
				CLANG_WARN_NON_LITERAL_NULL_CONVERSION = YES;
				CLANG_WARN_OBJC_IMPLICIT_RETAIN_SELF = YES;
				CLANG_WARN_OBJC_LITERAL_CONVERSION = YES;
				CLANG_WARN_OBJC_ROOT_CLASS = YES_ERROR;
				CLANG_WARN_QUOTED_INCLUDE_IN_FRAMEWORK_HEADER = YES;
				CLANG_WARN_RANGE_LOOP_ANALYSIS = YES;
				CLANG_WARN_STRICT_PROTOTYPES = YES;
				CLANG_WARN_SUSPICIOUS_MOVE = YES;
				CLANG_WARN_UNGUARDED_AVAILABILITY = YES_AGGRESSIVE;
				CLANG_WARN_UNREACHABLE_CODE = YES;
				CLANG_WARN__DUPLICATE_METHOD_MATCH = YES;
				COPY_PHASE_STRIP = NO;
				DEBUG_INFORMATION_FORMAT = dwarf;
				ENABLE_STRICT_OBJC_MSGSEND = YES;
				ENABLE_TESTABILITY = YES;
				GCC_C_LANGUAGE_STANDARD = gnu11;
				GCC_DYNAMIC_NO_PIC = NO;
				GCC_NO_COMMON_BLOCKS = YES;
				GCC_OPTIMIZATION_LEVEL = 0;
				GCC_PREPROCESSOR_DEFINITIONS = (
					"DEBUG=1",
					"$(inherited)",
				);
				GCC_WARN_64_TO_32_BIT_CONVERSION = YES;
				GCC_WARN_ABOUT_RETURN_TYPE = YES_ERROR;
				GCC_WARN_UNDECLARED_SELECTOR = YES;
				GCC_WARN_UNINITIALIZED_AUTOS = YES_AGGRESSIVE;
				GCC_WARN_UNUSED_FUNCTION = YES;
				GCC_WARN_UNUSED_VARIABLE = YES;
				IPHONEOS_DEPLOYMENT_TARGET = 14.4;
				MTL_ENABLE_DEBUG_INFO = INCLUDE_SOURCE;
				MTL_FAST_MATH = YES;
				ONLY_ACTIVE_ARCH = YES;
				SDKROOT = iphoneos;
				SWIFT_ACTIVE_COMPILATION_CONDITIONS = DEBUG;
				SWIFT_OPTIMIZATION_LEVEL = "-Onone";
			};
			name = Debug;
		};
		D9F26D182626DD330026CA81 /* Release */ = {
			isa = XCBuildConfiguration;
			buildSettings = {
				ALWAYS_SEARCH_USER_PATHS = NO;
				CLANG_ANALYZER_NONNULL = YES;
				CLANG_ANALYZER_NUMBER_OBJECT_CONVERSION = YES_AGGRESSIVE;
				CLANG_CXX_LANGUAGE_STANDARD = "gnu++14";
				CLANG_CXX_LIBRARY = "libc++";
				CLANG_ENABLE_MODULES = YES;
				CLANG_ENABLE_OBJC_ARC = YES;
				CLANG_ENABLE_OBJC_WEAK = YES;
				CLANG_WARN_BLOCK_CAPTURE_AUTORELEASING = YES;
				CLANG_WARN_BOOL_CONVERSION = YES;
				CLANG_WARN_COMMA = YES;
				CLANG_WARN_CONSTANT_CONVERSION = YES;
				CLANG_WARN_DEPRECATED_OBJC_IMPLEMENTATIONS = YES;
				CLANG_WARN_DIRECT_OBJC_ISA_USAGE = YES_ERROR;
				CLANG_WARN_DOCUMENTATION_COMMENTS = YES;
				CLANG_WARN_EMPTY_BODY = YES;
				CLANG_WARN_ENUM_CONVERSION = YES;
				CLANG_WARN_INFINITE_RECURSION = YES;
				CLANG_WARN_INT_CONVERSION = YES;
				CLANG_WARN_NON_LITERAL_NULL_CONVERSION = YES;
				CLANG_WARN_OBJC_IMPLICIT_RETAIN_SELF = YES;
				CLANG_WARN_OBJC_LITERAL_CONVERSION = YES;
				CLANG_WARN_OBJC_ROOT_CLASS = YES_ERROR;
				CLANG_WARN_QUOTED_INCLUDE_IN_FRAMEWORK_HEADER = YES;
				CLANG_WARN_RANGE_LOOP_ANALYSIS = YES;
				CLANG_WARN_STRICT_PROTOTYPES = YES;
				CLANG_WARN_SUSPICIOUS_MOVE = YES;
				CLANG_WARN_UNGUARDED_AVAILABILITY = YES_AGGRESSIVE;
				CLANG_WARN_UNREACHABLE_CODE = YES;
				CLANG_WARN__DUPLICATE_METHOD_MATCH = YES;
				COPY_PHASE_STRIP = NO;
				DEBUG_INFORMATION_FORMAT = "dwarf-with-dsym";
				ENABLE_NS_ASSERTIONS = NO;
				ENABLE_STRICT_OBJC_MSGSEND = YES;
				GCC_C_LANGUAGE_STANDARD = gnu11;
				GCC_NO_COMMON_BLOCKS = YES;
				GCC_WARN_64_TO_32_BIT_CONVERSION = YES;
				GCC_WARN_ABOUT_RETURN_TYPE = YES_ERROR;
				GCC_WARN_UNDECLARED_SELECTOR = YES;
				GCC_WARN_UNINITIALIZED_AUTOS = YES_AGGRESSIVE;
				GCC_WARN_UNUSED_FUNCTION = YES;
				GCC_WARN_UNUSED_VARIABLE = YES;
				IPHONEOS_DEPLOYMENT_TARGET = 14.4;
				MTL_ENABLE_DEBUG_INFO = NO;
				MTL_FAST_MATH = YES;
				SDKROOT = iphoneos;
				SWIFT_COMPILATION_MODE = wholemodule;
				SWIFT_OPTIMIZATION_LEVEL = "-O";
				VALIDATE_PRODUCT = YES;
			};
			name = Release;
		};
		D9F26D1A2626DD330026CA81 /* Debug */ = {
			isa = XCBuildConfiguration;
			buildSettings = {
				ASSETCATALOG_COMPILER_APPICON_NAME = AppIcon;
				ASSETCATALOG_COMPILER_GLOBAL_ACCENT_COLOR_NAME = AccentColor;
				CODE_SIGN_STYLE = Automatic;
				DEVELOPMENT_TEAM = UVE5W6W49P;
				INFOPLIST_FILE = ZHTestPod/Info.plist;
				LD_RUNPATH_SEARCH_PATHS = (
					"$(inherited)",
					"@executable_path/Frameworks",
				);
				PRODUCT_BUNDLE_IDENTIFIER = Neusoft.ZHTestPod;
				PRODUCT_NAME = "$(TARGET_NAME)";
				SWIFT_VERSION = 5.0;
				TARGETED_DEVICE_FAMILY = "1,2";
			};
			name = Debug;
		};
		D9F26D1B2626DD330026CA81 /* Release */ = {
			isa = XCBuildConfiguration;
			buildSettings = {
				ASSETCATALOG_COMPILER_APPICON_NAME = AppIcon;
				ASSETCATALOG_COMPILER_GLOBAL_ACCENT_COLOR_NAME = AccentColor;
				CODE_SIGN_STYLE = Automatic;
				DEVELOPMENT_TEAM = UVE5W6W49P;
				INFOPLIST_FILE = ZHTestPod/Info.plist;
				LD_RUNPATH_SEARCH_PATHS = (
					"$(inherited)",
					"@executable_path/Frameworks",
				);
				PRODUCT_BUNDLE_IDENTIFIER = Neusoft.ZHTestPod;
				PRODUCT_NAME = "$(TARGET_NAME)";
				SWIFT_VERSION = 5.0;
				TARGETED_DEVICE_FAMILY = "1,2";
			};
			name = Release;
		};
		D9F26D1D2626DD330026CA81 /* Debug */ = {
			isa = XCBuildConfiguration;
			buildSettings = {
				ALWAYS_EMBED_SWIFT_STANDARD_LIBRARIES = YES;
				BUNDLE_LOADER = "$(TEST_HOST)";
				CODE_SIGN_STYLE = Automatic;
				DEVELOPMENT_TEAM = UVE5W6W49P;
				INFOPLIST_FILE = ZHTestPodTests/Info.plist;
				IPHONEOS_DEPLOYMENT_TARGET = 14.4;
				LD_RUNPATH_SEARCH_PATHS = (
					"$(inherited)",
					"@executable_path/Frameworks",
					"@loader_path/Frameworks",
				);
				PRODUCT_BUNDLE_IDENTIFIER = Neusoft.ZHTestPodTests;
				PRODUCT_NAME = "$(TARGET_NAME)";
				SWIFT_VERSION = 5.0;
				TARGETED_DEVICE_FAMILY = "1,2";
				TEST_HOST = "$(BUILT_PRODUCTS_DIR)/ZHTestPod.app/ZHTestPod";
			};
			name = Debug;
		};
		D9F26D1E2626DD330026CA81 /* Release */ = {
			isa = XCBuildConfiguration;
			buildSettings = {
				ALWAYS_EMBED_SWIFT_STANDARD_LIBRARIES = YES;
				BUNDLE_LOADER = "$(TEST_HOST)";
				CODE_SIGN_STYLE = Automatic;
				DEVELOPMENT_TEAM = UVE5W6W49P;
				INFOPLIST_FILE = ZHTestPodTests/Info.plist;
				IPHONEOS_DEPLOYMENT_TARGET = 14.4;
				LD_RUNPATH_SEARCH_PATHS = (
					"$(inherited)",
					"@executable_path/Frameworks",
					"@loader_path/Frameworks",
				);
				PRODUCT_BUNDLE_IDENTIFIER = Neusoft.ZHTestPodTests;
				PRODUCT_NAME = "$(TARGET_NAME)";
				SWIFT_VERSION = 5.0;
				TARGETED_DEVICE_FAMILY = "1,2";
				TEST_HOST = "$(BUILT_PRODUCTS_DIR)/ZHTestPod.app/ZHTestPod";
			};
			name = Release;
		};
		D9F26D202626DD330026CA81 /* Debug */ = {
			isa = XCBuildConfiguration;
			buildSettings = {
				ALWAYS_EMBED_SWIFT_STANDARD_LIBRARIES = YES;
				CODE_SIGN_STYLE = Automatic;
				DEVELOPMENT_TEAM = UVE5W6W49P;
				INFOPLIST_FILE = ZHTestPodUITests/Info.plist;
				LD_RUNPATH_SEARCH_PATHS = (
					"$(inherited)",
					"@executable_path/Frameworks",
					"@loader_path/Frameworks",
				);
				PRODUCT_BUNDLE_IDENTIFIER = Neusoft.ZHTestPodUITests;
				PRODUCT_NAME = "$(TARGET_NAME)";
				SWIFT_VERSION = 5.0;
				TARGETED_DEVICE_FAMILY = "1,2";
				TEST_TARGET_NAME = ZHTestPod;
			};
			name = Debug;
		};
		D9F26D212626DD330026CA81 /* Release */ = {
			isa = XCBuildConfiguration;
			buildSettings = {
				ALWAYS_EMBED_SWIFT_STANDARD_LIBRARIES = YES;
				CODE_SIGN_STYLE = Automatic;
				DEVELOPMENT_TEAM = UVE5W6W49P;
				INFOPLIST_FILE = ZHTestPodUITests/Info.plist;
				LD_RUNPATH_SEARCH_PATHS = (
					"$(inherited)",
					"@executable_path/Frameworks",
					"@loader_path/Frameworks",
				);
				PRODUCT_BUNDLE_IDENTIFIER = Neusoft.ZHTestPodUITests;
				PRODUCT_NAME = "$(TARGET_NAME)";
				SWIFT_VERSION = 5.0;
				TARGETED_DEVICE_FAMILY = "1,2";
				TEST_TARGET_NAME = ZHTestPod;
			};
			name = Release;
		};
/* End XCBuildConfiguration section */

/* Begin XCConfigurationList section */
		D9F26CEA2626DD2F0026CA81 /* Build configuration list for PBXProject "ZHTestPod" */ = {
			isa = XCConfigurationList;
			buildConfigurations = (
				D9F26D172626DD330026CA81 /* Debug */,
				D9F26D182626DD330026CA81 /* Release */,
			);
			defaultConfigurationIsVisible = 0;
			defaultConfigurationName = Release;
		};
		D9F26D192626DD330026CA81 /* Build configuration list for PBXNativeTarget "ZHTestPod" */ = {
			isa = XCConfigurationList;
			buildConfigurations = (
				D9F26D1A2626DD330026CA81 /* Debug */,
				D9F26D1B2626DD330026CA81 /* Release */,
			);
			defaultConfigurationIsVisible = 0;
			defaultConfigurationName = Release;
		};
		D9F26D1C2626DD330026CA81 /* Build configuration list for PBXNativeTarget "ZHTestPodTests" */ = {
			isa = XCConfigurationList;
			buildConfigurations = (
				D9F26D1D2626DD330026CA81 /* Debug */,
				D9F26D1E2626DD330026CA81 /* Release */,
			);
			defaultConfigurationIsVisible = 0;
			defaultConfigurationName = Release;
		};
		D9F26D1F2626DD330026CA81 /* Build configuration list for PBXNativeTarget "ZHTestPodUITests" */ = {
			isa = XCConfigurationList;
			buildConfigurations = (
				D9F26D202626DD330026CA81 /* Debug */,
				D9F26D212626DD330026CA81 /* Release */,
			);
			defaultConfigurationIsVisible = 0;
			defaultConfigurationName = Release;
		};
/* End XCConfigurationList section */
	};
	rootObject = D9F26CE72626DD2F0026CA81 /* Project object */;
}
